
Microsoft Visual Studio Solution File, Format Version 12.00
# Visual Studio Version 17
VisualStudioVersion = 17.6.33829.357
MinimumVisualStudioVersion = 10.0.40219.1
Project("{FAE04EC0-301F-11D3-BF4B-00C04F79EFBC}") = "Vista", "Vista\Vista.csproj", "{E0029C36-A55B-4375-B619-2A580A7E6FF6}"
EndProject
Project("{FAE04EC0-301F-11D3-BF4B-00C04F79EFBC}") = "Entidades", "Entidades\Entidades.csproj", "{9A874547-3056-4BB1-A95D-9FF8BA67D005}"
EndProject
Project("{FAE04EC0-301F-11D3-BF4B-00C04F79EFBC}") = "NuevoModelo", "NuevoModelo\NuevoModelo.csproj", "{5E9C83E2-FA25-4BB8-B027-223E0DE21AD1}"
EndProject
Project("{FAE04EC0-301F-11D3-BF4B-00C04F79EFBC}") = "Controladora", "Controladora\Controladora.csproj", "{53D07C37-08F5-4ED1-A749-3D31623CBBA9}"
EndProject
Global
	GlobalSection(SolutionConfigurationPlatforms) = preSolution
		Debug|Any CPU = Debug|Any CPU
		Release|Any CPU = Release|Any CPU
	EndGlobalSection
	GlobalSection(ProjectConfigurationPlatforms) = postSolution
		{E0029C36-A55B-4375-B619-2A580A7E6FF6}.Debug|Any CPU.ActiveCfg = Debug|Any CPU
		{E0029C36-A55B-4375-B619-2A580A7E6FF6}.Debug|Any CPU.Build.0 = Debug|Any CPU
		{E0029C36-A55B-4375-B619-2A580A7E6FF6}.Release|Any CPU.ActiveCfg = Release|Any CPU
		{E0029C36-A55B-4375-B619-2A580A7E6FF6}.Release|Any CPU.Build.0 = Release|Any CPU
		{9A874547-3056-4BB1-A95D-9FF8BA67D005}.Debug|Any CPU.ActiveCfg = Debug|Any CPU
		{9A874547-3056-4BB1-A95D-9FF8BA67D005}.Debug|Any CPU.Build.0 = Debug|Any CPU
		{9A874547-3056-4BB1-A95D-9FF8BA67D005}.Release|Any CPU.ActiveCfg = Release|Any CPU
		{9A874547-3056-4BB1-A95D-9FF8BA67D005}.Release|Any CPU.Build.0 = Release|Any CPU
		{5E9C83E2-FA25-4BB8-B027-223E0DE21AD1}.Debug|Any CPU.ActiveCfg = Debug|Any CPU
		{5E9C83E2-FA25-4BB8-B027-223E0DE21AD1}.Debug|Any CPU.Build.0 = Debug|Any CPU
		{5E9C83E2-FA25-4BB8-B027-223E0DE21AD1}.Release|Any CPU.ActiveCfg = Release|Any CPU
		{5E9C83E2-FA25-4BB8-B027-223E0DE21AD1}.Release|Any CPU.Build.0 = Release|Any CPU
		{53D07C37-08F5-4ED1-A749-3D31623CBBA9}.Debug|Any CPU.ActiveCfg = Debug|Any CPU
		{53D07C37-08F5-4ED1-A749-3D31623CBBA9}.Debug|Any CPU.Build.0 = Debug|Any CPU
		{53D07C37-08F5-4ED1-A749-3D31623CBBA9}.Release|Any CPU.ActiveCfg = Release|Any CPU
		{53D07C37-08F5-4ED1-A749-3D31623CBBA9}.Release|Any CPU.Build.0 = Release|Any CPU
	EndGlobalSection
	GlobalSection(SolutionProperties) = preSolution
		HideSolutionNode = FALSE
	EndGlobalSection
	GlobalSection(ExtensibilityGlobals) = postSolution
		SolutionGuid = {55FD2525-D405-4675-89FC-EC1EA6043663}
	EndGlobalSection
EndGlobal
