
Microsoft Visual Studio Solution File, Format Version 12.00
# Visual Studio Version 17
VisualStudioVersion = 17.6.33829.357
MinimumVisualStudioVersion = 10.0.40219.1
Project("{FAE04EC0-301F-11D3-BF4B-00C04F79EFBC}") = "PapeleriaGUI", "PapeleriaGUI\PapeleriaGUI.csproj", "{5481ED21-ADFB-454E-B744-F6ABB8910F52}"
EndProject
Project("{FAE04EC0-301F-11D3-BF4B-00C04F79EFBC}") = "Modelo", "Modelo\Modelo.csproj", "{12B0E35B-452D-4AD6-9431-FC252D49AE27}"
EndProject
Global
	GlobalSection(SolutionConfigurationPlatforms) = preSolution
		Debug|Any CPU = Debug|Any CPU
		Release|Any CPU = Release|Any CPU
	EndGlobalSection
	GlobalSection(ProjectConfigurationPlatforms) = postSolution
		{5481ED21-ADFB-454E-B744-F6ABB8910F52}.Debug|Any CPU.ActiveCfg = Debug|Any CPU
		{5481ED21-ADFB-454E-B744-F6ABB8910F52}.Debug|Any CPU.Build.0 = Debug|Any CPU
		{5481ED21-ADFB-454E-B744-F6ABB8910F52}.Release|Any CPU.ActiveCfg = Release|Any CPU
		{5481ED21-ADFB-454E-B744-F6ABB8910F52}.Release|Any CPU.Build.0 = Release|Any CPU
		{12B0E35B-452D-4AD6-9431-FC252D49AE27}.Debug|Any CPU.ActiveCfg = Debug|Any CPU
		{12B0E35B-452D-4AD6-9431-FC252D49AE27}.Debug|Any CPU.Build.0 = Debug|Any CPU
		{12B0E35B-452D-4AD6-9431-FC252D49AE27}.Release|Any CPU.ActiveCfg = Release|Any CPU
		{12B0E35B-452D-4AD6-9431-FC252D49AE27}.Release|Any CPU.Build.0 = Release|Any CPU
	EndGlobalSection
	GlobalSection(SolutionProperties) = preSolution
		HideSolutionNode = FALSE
	EndGlobalSection
	GlobalSection(ExtensibilityGlobals) = postSolution
		SolutionGuid = {55FD2525-D405-4675-89FC-EC1EA6043663}
	EndGlobalSection
EndGlobal
